
Microsoft Visual Studio Solution File, Format Version 12.00
# Visual Studio Version 16
VisualStudioVersion = 16.0.31321.278
MinimumVisualStudioVersion = 10.0.40219.1
Project("{FAE04EC0-301F-11D3-BF4B-00C04F79EFBC}") = "RemoveUnusedResources", "RemoveUnusedResources.csproj", "{8FF821DC-A6D6-4AE3-A0A5-5AE56DB52B79}"
EndProject
Global
	GlobalSection(SolutionConfigurationPlatforms) = preSolution
		Debug|Any CPU = Debug|Any CPU
		Release|Any CPU = Release|Any CPU
	EndGlobalSection
	GlobalSection(ProjectConfigurationPlatforms) = postSolution
		{8FF821DC-A6D6-4AE3-A0A5-5AE56DB52B79}.Debug|Any CPU.ActiveCfg = Debug|Any CPU
		{8FF821DC-A6D6-4AE3-A0A5-5AE56DB52B79}.Debug|Any CPU.Build.0 = Debug|Any CPU
		{8FF821DC-A6D6-4AE3-A0A5-5AE56DB52B79}.Release|Any CPU.ActiveCfg = Release|Any CPU
		{8FF821DC-A6D6-4AE3-A0A5-5AE56DB52B79}.Release|Any CPU.Build.0 = Release|Any CPU
	EndGlobalSection
	GlobalSection(SolutionProperties) = preSolution
		HideSolutionNode = FALSE
	EndGlobalSection
	GlobalSection(ExtensibilityGlobals) = postSolution
		SolutionGuid = {827A08F5-726B-44BE-ADBA-662F07D64547}
	EndGlobalSection
EndGlobal
